// !$*UTF8*$!
{
	archiveVersion = 1;
	classes = {
	};
	objectVersion = 70;
	objects = {

/* Begin PBXBuildFile section */
		280DC5582EAC0D0000125EB1 /* Sentry in Frameworks */ = {isa = PBXBuildFile; productRef = 280DC5572EAC0D0000125EB1 /* Sentry */; };
		5BCA11E00000000000000001 /* Sparkle in Frameworks */ = {isa = PBXBuildFile; productRef = 5BCA11E00000000000000002 /* Sparkle */; };
		28651E412E91A7210087E7DD /* HTMLRendererView.swift in Sources */ = {isa = PBXBuildFile; fileRef = 28651E402E91A7210087E7DD /* HTMLRendererView.swift */; };
		28651E432E91A7290087E7DD /* RRWebHTMLConverter.swift in Sources */ = {isa = PBXBuildFile; fileRef = 28651E422E91A7290087E7DD /* RRWebHTMLConverter.swift */; };
		28651E452E91A9BF0087E7DD /* HTMLBeautifier.swift in Sources */ = {isa = PBXBuildFile; fileRef = 28651E442E91A9BF0087E7DD /* HTMLBeautifier.swift */; };
		28651E472E91A9C80087E7DD /* HTMLSourceView.swift in Sources */ = {isa = PBXBuildFile; fileRef = 28651E462E91A9C80087E7DD /* HTMLSourceView.swift */; };
		288DBE6D2EAD62C20093FC9E /* ReplayDebuggerIcon.icon in Resources */ = {isa = PBXBuildFile; fileRef = 288DBE6C2EAD62C20093FC9E /* ReplayDebuggerIcon.icon */; };
		28CF12952E96F5E400116F07 /* CURLParser.swift in Sources */ = {isa = PBXBuildFile; fileRef = 28CF12942E96F5E400116F07 /* CURLParser.swift */; };
		694FD666B3E14DFC8624CFAA /* RRWebEventProcessor.swift in Sources */ = {isa = PBXBuildFile; fileRef = 5FFACDF4DE5646BEAC5276DE /* RRWebEventProcessor.swift */; };
		6CF01FE061AF421CBB1352C6 /* DOMNode.swift in Sources */ = {isa = PBXBuildFile; fileRef = C516FA0458D3442284511A93 /* DOMNode.swift */; };
		A1234567890ABCDEF001 /* SentryReplayDebuggerApp.swift in Sources */ = {isa = PBXBuildFile; fileRef = A1234567890ABCDEF002 /* SentryReplayDebuggerApp.swift */; };
		A1234567890ABCDEF003 /* ContentView.swift in Sources */ = {isa = PBXBuildFile; fileRef = A1234567890ABCDEF004 /* ContentView.swift */; };
		A1234567890ABCDEF005 /* Assets.xcassets in Resources */ = {isa = PBXBuildFile; fileRef = A1234567890ABCDEF006 /* Assets.xcassets */; };
		A1234567890ABCDEF007 /* Preview Assets.xcassets in Resources */ = {isa = PBXBuildFile; fileRef = A1234567890ABCDEF008 /* Preview Assets.xcassets */; };
		A1234567890ABCDEF030 /* ReplayModels.swift in Sources */ = {isa = PBXBuildFile; fileRef = A1234567890ABCDEF031 /* ReplayModels.swift */; };
		A1234567890ABCDEF032 /* SentryAPIService.swift in Sources */ = {isa = PBXBuildFile; fileRef = A1234567890ABCDEF033 /* SentryAPIService.swift */; };
		A1234567890ABCDEF034 /* SentryURLParser.swift in Sources */ = {isa = PBXBuildFile; fileRef = A1234567890ABCDEF035 /* SentryURLParser.swift */; };
		A1234567890ABCDEF036 /* JSONInspectorView.swift in Sources */ = {isa = PBXBuildFile; fileRef = A1234567890ABCDEF037 /* JSONInspectorView.swift */; };
		A1234567890ABCDEF038 /* SegmentListView.swift in Sources */ = {isa = PBXBuildFile; fileRef = A1234567890ABCDEF039 /* SegmentListView.swift */; };
		A1234567890ABCDEF040 /* Config.swift in Sources */ = {isa = PBXBuildFile; fileRef = A1234567890ABCDEF041 /* Config.swift */; };
		A1234567890ABCDEF042 /* EmptyStateView.swift in Sources */ = {isa = PBXBuildFile; fileRef = A1234567890ABCDEF043 /* EmptyStateView.swift */; };
		A1234567890ABCDEF044 /* SegmentExporter.swift in Sources */ = {isa = PBXBuildFile; fileRef = A1234567890ABCDEF045 /* SegmentExporter.swift */; };
		A1234567890ABCDEF081 /* ReplayTimestamp.swift in Sources */ = {isa = PBXBuildFile; fileRef = A1234567890ABCDEF080 /* ReplayTimestamp.swift */; };
		A1234567890ABCDEF050 /* AuthService.swift in Sources */ = {isa = PBXBuildFile; fileRef = A1234567890ABCDEF051 /* AuthService.swift */; };
		5BCA11E00000000000000010 /* UpdaterService.swift in Sources */ = {isa = PBXBuildFile; fileRef = 5BCA11E00000000000000011 /* UpdaterService.swift */; };
		5BCA11E00000000000000020 /* SettingsView.swift in Sources */ = {isa = PBXBuildFile; fileRef = 5BCA11E00000000000000021 /* SettingsView.swift */; };
		A1234567890ABCDEF052 /* KeychainHelper.swift in Sources */ = {isa = PBXBuildFile; fileRef = A1234567890ABCDEF053 /* KeychainHelper.swift */; };
		A1234567890ABCDEF054 /* LoginView.swift in Sources */ = {isa = PBXBuildFile; fileRef = A1234567890ABCDEF055 /* LoginView.swift */; };
		A1234567890ABCDEF070 /* UserProfile.swift in Sources */ = {isa = PBXBuildFile; fileRef = A1234567890ABCDEF071 /* UserProfile.swift */; };
		A1234567890ABCDEF072 /* UserAvatarView.swift in Sources */ = {isa = PBXBuildFile; fileRef = A1234567890ABCDEF073 /* UserAvatarView.swift */; };
/* End PBXBuildFile section */

/* Begin PBXContainerItemProxy section */
		280DC5422EAC064F00125EB1 /* PBXContainerItemProxy */ = {
			isa = PBXContainerItemProxy;
			containerPortal = A1234567890ABCDEF024 /* Project object */;
			proxyType = 1;
			remoteGlobalIDString = A1234567890ABCDEF020;
			remoteInfo = SentryReplayDebugger;
		};
		280DC5602EAC255200125EB1 /* PBXContainerItemProxy */ = {
			isa = PBXContainerItemProxy;
			containerPortal = A1234567890ABCDEF024 /* Project object */;
			proxyType = 1;
			remoteGlobalIDString = A1234567890ABCDEF020;
			remoteInfo = SentryReplayDebugger;
		};
/* End PBXContainerItemProxy section */

/* Begin PBXFileReference section */
		280DC53E2EAC064F00125EB1 /* SentryReplayDebuggerTests.xctest */ = {isa = PBXFileReference; explicitFileType = wrapper.cfbundle; includeInIndex = 0; path = SentryReplayDebuggerTests.xctest; sourceTree = BUILT_PRODUCTS_DIR; };
		280DC5552EAC0C0900125EB1 /* SentryReplayDebugger.xctestplan */ = {isa = PBXFileReference; lastKnownFileType = text; path = SentryReplayDebugger.xctestplan; sourceTree = "<group>"; };
		280DC55A2EAC255200125EB1 /* SentryReplayDebuggerUITests.xctest */ = {isa = PBXFileReference; explicitFileType = wrapper.cfbundle; includeInIndex = 0; path = SentryReplayDebuggerUITests.xctest; sourceTree = BUILT_PRODUCTS_DIR; };
		280DC57F2EAC2C5000125EB1 /* Info.plist */ = {isa = PBXFileReference; lastKnownFileType = text.plist; path = Info.plist; sourceTree = "<group>"; };
		280DC5802EAC2C8D00125EB1 /* SentryReplayDebuggerRelease.entitlements */ = {isa = PBXFileReference; lastKnownFileType = text.plist.entitlements; path = SentryReplayDebuggerRelease.entitlements; sourceTree = "<group>"; };
		28651E402E91A7210087E7DD /* HTMLRendererView.swift */ = {isa = PBXFileReference; lastKnownFileType = sourcecode.swift; path = HTMLRendererView.swift; sourceTree = "<group>"; };
		28651E422E91A7290087E7DD /* RRWebHTMLConverter.swift */ = {isa = PBXFileReference; lastKnownFileType = sourcecode.swift; path = RRWebHTMLConverter.swift; sourceTree = "<group>"; };
		28651E442E91A9BF0087E7DD /* HTMLBeautifier.swift */ = {isa = PBXFileReference; lastKnownFileType = sourcecode.swift; path = HTMLBeautifier.swift; sourceTree = "<group>"; };
		28651E462E91A9C80087E7DD /* HTMLSourceView.swift */ = {isa = PBXFileReference; lastKnownFileType = sourcecode.swift; path = HTMLSourceView.swift; sourceTree = "<group>"; };
		288DBE6C2EAD62C20093FC9E /* ReplayDebuggerIcon.icon */ = {isa = PBXFileReference; lastKnownFileType = folder.iconcomposer.icon; path = ReplayDebuggerIcon.icon; sourceTree = "<group>"; };
		28CF12942E96F5E400116F07 /* CURLParser.swift */ = {isa = PBXFileReference; lastKnownFileType = sourcecode.swift; path = CURLParser.swift; sourceTree = "<group>"; };
		5FFACDF4DE5646BEAC5276DE /* RRWebEventProcessor.swift */ = {isa = PBXFileReference; lastKnownFileType = sourcecode.swift; path = RRWebEventProcessor.swift; sourceTree = "<group>"; };
		A1234567890ABCDEF002 /* SentryReplayDebuggerApp.swift */ = {isa = PBXFileReference; lastKnownFileType = sourcecode.swift; path = SentryReplayDebuggerApp.swift; sourceTree = "<group>"; };
		A1234567890ABCDEF004 /* ContentView.swift */ = {isa = PBXFileReference; lastKnownFileType = sourcecode.swift; path = ContentView.swift; sourceTree = "<group>"; };
		A1234567890ABCDEF006 /* Assets.xcassets */ = {isa = PBXFileReference; lastKnownFileType = folder.assetcatalog; path = Assets.xcassets; sourceTree = "<group>"; };
		A1234567890ABCDEF008 /* Preview Assets.xcassets */ = {isa = PBXFileReference; lastKnownFileType = folder.assetcatalog; path = "Preview Assets.xcassets"; sourceTree = "<group>"; };
		A1234567890ABCDEF009 /* SentryReplayDebugger.app */ = {isa = PBXFileReference; explicitFileType = wrapper.application; includeInIndex = 0; path = SentryReplayDebugger.app; sourceTree = BUILT_PRODUCTS_DIR; };
		A1234567890ABCDEF010 /* SentryReplayDebugger.entitlements */ = {isa = PBXFileReference; lastKnownFileType = text.plist.entitlements; path = SentryReplayDebugger.entitlements; sourceTree = "<group>"; };
		A1234567890ABCDEF031 /* ReplayModels.swift */ = {isa = PBXFileReference; lastKnownFileType = sourcecode.swift; path = ReplayModels.swift; sourceTree = "<group>"; };
		A1234567890ABCDEF033 /* SentryAPIService.swift */ = {isa = PBXFileReference; lastKnownFileType = sourcecode.swift; path = SentryAPIService.swift; sourceTree = "<group>"; };
		A1234567890ABCDEF035 /* SentryURLParser.swift */ = {isa = PBXFileReference; lastKnownFileType = sourcecode.swift; path = SentryURLParser.swift; sourceTree = "<group>"; };
		A1234567890ABCDEF037 /* JSONInspectorView.swift */ = {isa = PBXFileReference; lastKnownFileType = sourcecode.swift; path = JSONInspectorView.swift; sourceTree = "<group>"; };
		A1234567890ABCDEF039 /* SegmentListView.swift */ = {isa = PBXFileReference; lastKnownFileType = sourcecode.swift; path = SegmentListView.swift; sourceTree = "<group>"; };
		A1234567890ABCDEF041 /* Config.swift */ = {isa = PBXFileReference; lastKnownFileType = sourcecode.swift; path = Config.swift; sourceTree = "<group>"; };
		A1234567890ABCDEF043 /* EmptyStateView.swift */ = {isa = PBXFileReference; lastKnownFileType = sourcecode.swift; path = EmptyStateView.swift; sourceTree = "<group>"; };
		A1234567890ABCDEF045 /* SegmentExporter.swift */ = {isa = PBXFileReference; lastKnownFileType = sourcecode.swift; path = SegmentExporter.swift; sourceTree = "<group>"; };
		A1234567890ABCDEF080 /* ReplayTimestamp.swift */ = {isa = PBXFileReference; lastKnownFileType = sourcecode.swift; path = ReplayTimestamp.swift; sourceTree = "<group>"; };
		A1234567890ABCDEF051 /* AuthService.swift */ = {isa = PBXFileReference; lastKnownFileType = sourcecode.swift; path = AuthService.swift; sourceTree = "<group>"; };
		5BCA11E00000000000000011 /* UpdaterService.swift */ = {isa = PBXFileReference; lastKnownFileType = sourcecode.swift; path = UpdaterService.swift; sourceTree = "<group>"; };
		5BCA11E00000000000000021 /* SettingsView.swift */ = {isa = PBXFileReference; lastKnownFileType = sourcecode.swift; path = SettingsView.swift; sourceTree = "<group>"; };
		A1234567890ABCDEF053 /* KeychainHelper.swift */ = {isa = PBXFileReference; lastKnownFileType = sourcecode.swift; path = KeychainHelper.swift; sourceTree = "<group>"; };
		A1234567890ABCDEF055 /* LoginView.swift */ = {isa = PBXFileReference; lastKnownFileType = sourcecode.swift; path = LoginView.swift; sourceTree = "<group>"; };
		A1234567890ABCDEF071 /* UserProfile.swift */ = {isa = PBXFileReference; lastKnownFileType = sourcecode.swift; path = UserProfile.swift; sourceTree = "<group>"; };
		A1234567890ABCDEF073 /* UserAvatarView.swift */ = {isa = PBXFileReference; lastKnownFileType = sourcecode.swift; path = UserAvatarView.swift; sourceTree = "<group>"; };
		A1234567890ABCDEF060 /* Config.xcconfig */ = {isa = PBXFileReference; lastKnownFileType = text.xcconfig; path = Config.xcconfig; sourceTree = "<group>"; };
		C516FA0458D3442284511A93 /* DOMNode.swift */ = {isa = PBXFileReference; lastKnownFileType = sourcecode.swift; path = DOMNode.swift; sourceTree = "<group>"; };
/* End PBXFileReference section */

/* Begin PBXFileSystemSynchronizedRootGroup section */
		280DC53F2EAC064F00125EB1 /* SentryReplayDebuggerTests */ = {isa = PBXFileSystemSynchronizedRootGroup; explicitFileTypes = {}; explicitFolders = (); path = SentryReplayDebuggerTests; sourceTree = "<group>"; };
		280DC55B2EAC255200125EB1 /* SentryReplayDebuggerUITests */ = {isa = PBXFileSystemSynchronizedRootGroup; explicitFileTypes = {}; explicitFolders = (); path = SentryReplayDebuggerUITests; sourceTree = "<group>"; };
/* End PBXFileSystemSynchronizedRootGroup section */

/* Begin PBXFrameworksBuildPhase section */
		280DC53B2EAC064F00125EB1 /* Frameworks */ = {
			isa = PBXFrameworksBuildPhase;
			buildActionMask = 2147483647;
			files = (
			);
			runOnlyForDeploymentPostprocessing = 0;
		};
		280DC5572EAC255200125EB1 /* Frameworks */ = {
			isa = PBXFrameworksBuildPhase;
			buildActionMask = 2147483647;
			files = (
			);
			runOnlyForDeploymentPostprocessing = 0;
		};
		A1234567890ABCDEF011 /* Frameworks */ = {
			isa = PBXFrameworksBuildPhase;
			buildActionMask = 2147483647;
			files = (
				280DC5582EAC0D0000125EB1 /* Sentry in Frameworks */,
				5BCA11E00000000000000001 /* Sparkle in Frameworks */,
			);
			runOnlyForDeploymentPostprocessing = 0;
		};
/* End PBXFrameworksBuildPhase section */

/* Begin PBXGroup section */
		A1234567890ABCDEF012 = {
			isa = PBXGroup;
			children = (
				A1234567890ABCDEF060 /* Config.xcconfig */,
				280DC5552EAC0C0900125EB1 /* SentryReplayDebugger.xctestplan */,
				A1234567890ABCDEF013 /* SentryReplayDebugger */,
				280DC53F2EAC064F00125EB1 /* SentryReplayDebuggerTests */,
				280DC55B2EAC255200125EB1 /* SentryReplayDebuggerUITests */,
				A1234567890ABCDEF014 /* Products */,
				288DBE6C2EAD62C20093FC9E /* ReplayDebuggerIcon.icon */,
			);
			sourceTree = "<group>";
		};
		A1234567890ABCDEF013 /* SentryReplayDebugger */ = {
			isa = PBXGroup;
			children = (
				280DC5802EAC2C8D00125EB1 /* SentryReplayDebuggerRelease.entitlements */,
				280DC57F2EAC2C5000125EB1 /* Info.plist */,
				A1234567890ABCDEF002 /* SentryReplayDebuggerApp.swift */,
				A1234567890ABCDEF004 /* ContentView.swift */,
				A1234567890ABCDEF041 /* Config.swift */,
				A1234567890ABCDEF015 /* Models */,
				A1234567890ABCDEF016 /* Views */,
				A1234567890ABCDEF017 /* Services */,
				A1234567890ABCDEF018 /* Utilities */,
				A1234567890ABCDEF006 /* Assets.xcassets */,
				A1234567890ABCDEF010 /* SentryReplayDebugger.entitlements */,
				A1234567890ABCDEF019 /* Preview Content */,
			);
			path = SentryReplayDebugger;
			sourceTree = "<group>";
		};
		A1234567890ABCDEF014 /* Products */ = {
			isa = PBXGroup;
			children = (
				A1234567890ABCDEF009 /* SentryReplayDebugger.app */,
				280DC53E2EAC064F00125EB1 /* SentryReplayDebuggerTests.xctest */,
				280DC55A2EAC255200125EB1 /* SentryReplayDebuggerUITests.xctest */,
			);
			name = Products;
			sourceTree = "<group>";
		};
		A1234567890ABCDEF015 /* Models */ = {
			isa = PBXGroup;
			children = (
				A1234567890ABCDEF031 /* ReplayModels.swift */,
				A1234567890ABCDEF071 /* UserProfile.swift */,
			);
			path = Models;
			sourceTree = "<group>";
		};
		A1234567890ABCDEF016 /* Views */ = {
			isa = PBXGroup;
			children = (
				A1234567890ABCDEF043 /* EmptyStateView.swift */,
				28651E462E91A9C80087E7DD /* HTMLSourceView.swift */,
				28651E402E91A7210087E7DD /* HTMLRendererView.swift */,
				A1234567890ABCDEF037 /* JSONInspectorView.swift */,
				A1234567890ABCDEF055 /* LoginView.swift */,
				A1234567890ABCDEF039 /* SegmentListView.swift */,
				5BCA11E00000000000000021 /* SettingsView.swift */,
				A1234567890ABCDEF073 /* UserAvatarView.swift */,
			);
			path = Views;
			sourceTree = "<group>";
		};
		A1234567890ABCDEF017 /* Services */ = {
			isa = PBXGroup;
			children = (
				A1234567890ABCDEF051 /* AuthService.swift */,
				A1234567890ABCDEF053 /* KeychainHelper.swift */,
				A1234567890ABCDEF033 /* SentryAPIService.swift */,
				5BCA11E00000000000000011 /* UpdaterService.swift */,
			);
			path = Services;
			sourceTree = "<group>";
		};
		A1234567890ABCDEF018 /* Utilities */ = {
			isa = PBXGroup;
			children = (
				28CF12942E96F5E400116F07 /* CURLParser.swift */,
				C516FA0458D3442284511A93 /* DOMNode.swift */,
				28651E442E91A9BF0087E7DD /* HTMLBeautifier.swift */,
				28651E422E91A7290087E7DD /* RRWebHTMLConverter.swift */,
				5FFACDF4DE5646BEAC5276DE /* RRWebEventProcessor.swift */,
				A1234567890ABCDEF045 /* SegmentExporter.swift */,
				A1234567890ABCDEF080 /* ReplayTimestamp.swift */,
				A1234567890ABCDEF035 /* SentryURLParser.swift */,
			);
			path = Utilities;
			sourceTree = "<group>";
		};
		A1234567890ABCDEF019 /* Preview Content */ = {
			isa = PBXGroup;
			children = (
				A1234567890ABCDEF008 /* Preview Assets.xcassets */,
			);
			path = "Preview Content";
			sourceTree = "<group>";
		};
/* End PBXGroup section */

/* Begin PBXNativeTarget section */
		280DC53D2EAC064F00125EB1 /* SentryReplayDebuggerTests */ = {
			isa = PBXNativeTarget;
			buildConfigurationList = 280DC5462EAC064F00125EB1 /* Build configuration list for PBXNativeTarget "SentryReplayDebuggerTests" */;
			buildPhases = (
				280DC53A2EAC064F00125EB1 /* Sources */,
				280DC53B2EAC064F00125EB1 /* Frameworks */,
				280DC53C2EAC064F00125EB1 /* Resources */,
			);
			buildRules = (
			);
			dependencies = (
				280DC5432EAC064F00125EB1 /* PBXTargetDependency */,
			);
			fileSystemSynchronizedGroups = (
				280DC53F2EAC064F00125EB1 /* SentryReplayDebuggerTests */,
			);
			name = SentryReplayDebuggerTests;
			packageProductDependencies = (
			);
			productName = SentryReplayDebuggerTests;
			productReference = 280DC53E2EAC064F00125EB1 /* SentryReplayDebuggerTests.xctest */;
			productType = "com.apple.product-type.bundle.unit-test";
		};
		280DC5592EAC255200125EB1 /* SentryReplayDebuggerUITests */ = {
			isa = PBXNativeTarget;
			buildConfigurationList = 280DC5622EAC255200125EB1 /* Build configuration list for PBXNativeTarget "SentryReplayDebuggerUITests" */;
			buildPhases = (
				280DC5562EAC255200125EB1 /* Sources */,
				280DC5572EAC255200125EB1 /* Frameworks */,
				280DC5582EAC255200125EB1 /* Resources */,
			);
			buildRules = (
			);
			dependencies = (
				280DC5612EAC255200125EB1 /* PBXTargetDependency */,
			);
			fileSystemSynchronizedGroups = (
				280DC55B2EAC255200125EB1 /* SentryReplayDebuggerUITests */,
			);
			name = SentryReplayDebuggerUITests;
			packageProductDependencies = (
			);
			productName = SentryReplayDebuggerUITests;
			productReference = 280DC55A2EAC255200125EB1 /* SentryReplayDebuggerUITests.xctest */;
			productType = "com.apple.product-type.bundle.ui-testing";
		};
		A1234567890ABCDEF020 /* SentryReplayDebugger */ = {
			isa = PBXNativeTarget;
			buildConfigurationList = A1234567890ABCDEF021 /* Build configuration list for PBXNativeTarget "SentryReplayDebugger" */;
			buildPhases = (
				A1234567890ABCDEF022 /* Sources */,
				A1234567890ABCDEF011 /* Frameworks */,
				A1234567890ABCDEF023 /* Resources */,
			);
			buildRules = (
			);
			dependencies = (
			);
			name = SentryReplayDebugger;
			packageProductDependencies = (
				280DC5572EAC0D0000125EB1 /* Sentry */,
				5BCA11E00000000000000002 /* Sparkle */,
			);
			productName = SentryReplayDebugger;
			productReference = A1234567890ABCDEF009 /* SentryReplayDebugger.app */;
			productType = "com.apple.product-type.application";
		};
/* End PBXNativeTarget section */

/* Begin PBXProject section */
		A1234567890ABCDEF024 /* Project object */ = {
			isa = PBXProject;
			attributes = {
				BuildIndependentTargetsInParallel = 1;
				LastSwiftUpdateCheck = 2600;
				LastUpgradeCheck = 2600;
				TargetAttributes = {
					280DC53D2EAC064F00125EB1 = {
						CreatedOnToolsVersion = 26.0.1;
						TestTargetID = A1234567890ABCDEF020;
					};
					280DC5592EAC255200125EB1 = {
						CreatedOnToolsVersion = 26.0.1;
						TestTargetID = A1234567890ABCDEF020;
					};
					A1234567890ABCDEF020 = {
						CreatedOnToolsVersion = 15.0;
					};
				};
			};
			buildConfigurationList = A1234567890ABCDEF025 /* Build configuration list for PBXProject "SentryReplayDebugger" */;
			compatibilityVersion = "Xcode 14.0";
			developmentRegion = en;
			hasScannedForEncodings = 0;
			knownRegions = (
				en,
				Base,
			);
			mainGroup = A1234567890ABCDEF012;
			packageReferences = (
				280DC5562EAC0D0000125EB1 /* XCRemoteSwiftPackageReference "sentry-cocoa" */,
				5BCA11E00000000000000003 /* XCRemoteSwiftPackageReference "Sparkle" */,
			);
			productRefGroup = A1234567890ABCDEF014 /* Products */;
			projectDirPath = "";
			projectRoot = "";
			targets = (
				A1234567890ABCDEF020 /* SentryReplayDebugger */,
				280DC53D2EAC064F00125EB1 /* SentryReplayDebuggerTests */,
				280DC5592EAC255200125EB1 /* SentryReplayDebuggerUITests */,
			);
		};
/* End PBXProject section */

/* Begin PBXResourcesBuildPhase section */
		280DC53C2EAC064F00125EB1 /* Resources */ = {
			isa = PBXResourcesBuildPhase;
			buildActionMask = 2147483647;
			files = (
			);
			runOnlyForDeploymentPostprocessing = 0;
		};
		280DC5582EAC255200125EB1 /* Resources */ = {
			isa = PBXResourcesBuildPhase;
			buildActionMask = 2147483647;
			files = (
			);
			runOnlyForDeploymentPostprocessing = 0;
		};
		A1234567890ABCDEF023 /* Resources */ = {
			isa = PBXResourcesBuildPhase;
			buildActionMask = 2147483647;
			files = (
				288DBE6D2EAD62C20093FC9E /* ReplayDebuggerIcon.icon in Resources */,
				A1234567890ABCDEF007 /* Preview Assets.xcassets in Resources */,
				A1234567890ABCDEF005 /* Assets.xcassets in Resources */,
			);
			runOnlyForDeploymentPostprocessing = 0;
		};
/* End PBXResourcesBuildPhase section */

/* Begin PBXSourcesBuildPhase section */
		280DC53A2EAC064F00125EB1 /* Sources */ = {
			isa = PBXSourcesBuildPhase;
			buildActionMask = 2147483647;
			files = (
			);
			runOnlyForDeploymentPostprocessing = 0;
		};
		280DC5562EAC255200125EB1 /* Sources */ = {
			isa = PBXSourcesBuildPhase;
			buildActionMask = 2147483647;
			files = (
			);
			runOnlyForDeploymentPostprocessing = 0;
		};
		A1234567890ABCDEF022 /* Sources */ = {
			isa = PBXSourcesBuildPhase;
			buildActionMask = 2147483647;
			files = (
				28CF12952E96F5E400116F07 /* CURLParser.swift in Sources */,
				28651E412E91A7210087E7DD /* HTMLRendererView.swift in Sources */,
				28651E432E91A7290087E7DD /* RRWebHTMLConverter.swift in Sources */,
				28651E452E91A9BF0087E7DD /* HTMLBeautifier.swift in Sources */,
				A1234567890ABCDEF003 /* ContentView.swift in Sources */,
				A1234567890ABCDEF001 /* SentryReplayDebuggerApp.swift in Sources */,
				A1234567890ABCDEF030 /* ReplayModels.swift in Sources */,
				A1234567890ABCDEF032 /* SentryAPIService.swift in Sources */,
				694FD666B3E14DFC8624CFAA /* RRWebEventProcessor.swift in Sources */,
				6CF01FE061AF421CBB1352C6 /* DOMNode.swift in Sources */,
				A1234567890ABCDEF034 /* SentryURLParser.swift in Sources */,
				28651E472E91A9C80087E7DD /* HTMLSourceView.swift in Sources */,
				A1234567890ABCDEF036 /* JSONInspectorView.swift in Sources */,
				A1234567890ABCDEF038 /* SegmentListView.swift in Sources */,
				A1234567890ABCDEF040 /* Config.swift in Sources */,
				A1234567890ABCDEF042 /* EmptyStateView.swift in Sources */,
				A1234567890ABCDEF044 /* SegmentExporter.swift in Sources */,
				A1234567890ABCDEF081 /* ReplayTimestamp.swift in Sources */,
				A1234567890ABCDEF050 /* AuthService.swift in Sources */,
				5BCA11E00000000000000010 /* UpdaterService.swift in Sources */,
				5BCA11E00000000000000020 /* SettingsView.swift in Sources */,
				A1234567890ABCDEF052 /* KeychainHelper.swift in Sources */,
				A1234567890ABCDEF054 /* LoginView.swift in Sources */,
				A1234567890ABCDEF070 /* UserProfile.swift in Sources */,
				A1234567890ABCDEF072 /* UserAvatarView.swift in Sources */,
			);
			runOnlyForDeploymentPostprocessing = 0;
		};
/* End PBXSourcesBuildPhase section */

/* Begin PBXTargetDependency section */
		280DC5432EAC064F00125EB1 /* PBXTargetDependency */ = {
			isa = PBXTargetDependency;
			target = A1234567890ABCDEF020 /* SentryReplayDebugger */;
			targetProxy = 280DC5422EAC064F00125EB1 /* PBXContainerItemProxy */;
		};
		280DC5612EAC255200125EB1 /* PBXTargetDependency */ = {
			isa = PBXTargetDependency;
			target = A1234567890ABCDEF020 /* SentryReplayDebugger */;
			targetProxy = 280DC5602EAC255200125EB1 /* PBXContainerItemProxy */;
		};
/* End PBXTargetDependency section */

/* Begin XCBuildConfiguration section */
		280DC5442EAC064F00125EB1 /* Debug */ = {
			isa = XCBuildConfiguration;
			buildSettings = {
				BUNDLE_LOADER = "$(TEST_HOST)";
				"CODE_SIGN_IDENTITY[sdk=macosx*]" = "Apple Development";
				CODE_SIGN_STYLE = Automatic;
				CURRENT_PROJECT_VERSION = 0.2.2;
				DEVELOPMENT_TEAM = 5G46K89SAC;
				GENERATE_INFOPLIST_FILE = YES;
				IPHONEOS_DEPLOYMENT_TARGET = 26.0;
				MACOSX_DEPLOYMENT_TARGET = 14.0;
				MARKETING_VERSION = 0.2.2;
				PRODUCT_BUNDLE_IDENTIFIER = sentry.SentryReplayDebuggerTests;
				PRODUCT_NAME = "$(TARGET_NAME)";
				SDKROOT = auto;
				STRING_CATALOG_GENERATE_SYMBOLS = NO;
				SUPPORTED_PLATFORMS = macosx;
				SUPPORTS_MACCATALYST = NO;
				SWIFT_APPROACHABLE_CONCURRENCY = YES;
				SWIFT_EMIT_LOC_STRINGS = NO;
				SWIFT_UPCOMING_FEATURE_MEMBER_IMPORT_VISIBILITY = YES;
				SWIFT_VERSION = 5.0;
				TEST_HOST = "$(BUILT_PRODUCTS_DIR)/SentryReplayDebugger.app/$(BUNDLE_EXECUTABLE_FOLDER_PATH)/SentryReplayDebugger";
				XROS_DEPLOYMENT_TARGET = 26.0;
			};
			name = Debug;
		};
		280DC5452EAC064F00125EB1 /* Release */ = {
			isa = XCBuildConfiguration;
			buildSettings = {
				BUNDLE_LOADER = "$(TEST_HOST)";
				"CODE_SIGN_IDENTITY[sdk=macosx*]" = "Apple Development";
				CODE_SIGN_STYLE = Automatic;
				CURRENT_PROJECT_VERSION = 0.2.2;
				DEVELOPMENT_TEAM = 5G46K89SAC;
				GENERATE_INFOPLIST_FILE = YES;
				IPHONEOS_DEPLOYMENT_TARGET = 26.0;
				MACOSX_DEPLOYMENT_TARGET = 14.0;
				MARKETING_VERSION = 0.2.2;
				PRODUCT_BUNDLE_IDENTIFIER = sentry.SentryReplayDebuggerTests;
				PRODUCT_NAME = "$(TARGET_NAME)";
				SDKROOT = auto;
				STRING_CATALOG_GENERATE_SYMBOLS = NO;
				SUPPORTED_PLATFORMS = macosx;
				SUPPORTS_MACCATALYST = NO;
				SWIFT_APPROACHABLE_CONCURRENCY = YES;
				SWIFT_EMIT_LOC_STRINGS = NO;
				SWIFT_UPCOMING_FEATURE_MEMBER_IMPORT_VISIBILITY = YES;
				SWIFT_VERSION = 5.0;
				TEST_HOST = "$(BUILT_PRODUCTS_DIR)/SentryReplayDebugger.app/$(BUNDLE_EXECUTABLE_FOLDER_PATH)/SentryReplayDebugger";
				XROS_DEPLOYMENT_TARGET = 26.0;
			};
			name = Release;
		};
		280DC5632EAC255200125EB1 /* Debug */ = {
			isa = XCBuildConfiguration;
			buildSettings = {
				CODE_SIGN_STYLE = Automatic;
				CURRENT_PROJECT_VERSION = 0.2.2;
				GENERATE_INFOPLIST_FILE = YES;
				MACOSX_DEPLOYMENT_TARGET = 14.0;
				MARKETING_VERSION = 0.2.2;
				PRODUCT_BUNDLE_IDENTIFIER = sentry.SentryReplayDebuggerUITests;
				PRODUCT_NAME = "$(TARGET_NAME)";
				SDKROOT = macosx;
				STRING_CATALOG_GENERATE_SYMBOLS = NO;
				SWIFT_APPROACHABLE_CONCURRENCY = YES;
				SWIFT_EMIT_LOC_STRINGS = NO;
				SWIFT_UPCOMING_FEATURE_MEMBER_IMPORT_VISIBILITY = YES;
				SWIFT_VERSION = 5.0;
				TEST_TARGET_NAME = SentryReplayDebugger;
			};
			name = Debug;
		};
		280DC5642EAC255200125EB1 /* Release */ = {
			isa = XCBuildConfiguration;
			buildSettings = {
				CODE_SIGN_STYLE = Automatic;
				CURRENT_PROJECT_VERSION = 0.2.2;
				GENERATE_INFOPLIST_FILE = YES;
				MACOSX_DEPLOYMENT_TARGET = 14.0;
				MARKETING_VERSION = 0.2.2;
				PRODUCT_BUNDLE_IDENTIFIER = sentry.SentryReplayDebuggerUITests;
				PRODUCT_NAME = "$(TARGET_NAME)";
				SDKROOT = macosx;
				STRING_CATALOG_GENERATE_SYMBOLS = NO;
				SWIFT_APPROACHABLE_CONCURRENCY = YES;
				SWIFT_EMIT_LOC_STRINGS = NO;
				SWIFT_UPCOMING_FEATURE_MEMBER_IMPORT_VISIBILITY = YES;
				SWIFT_VERSION = 5.0;
				TEST_TARGET_NAME = SentryReplayDebugger;
			};
			name = Release;
		};
		A1234567890ABCDEF026 /* Debug */ = {
			isa = XCBuildConfiguration;
			buildSettings = {
				ALWAYS_SEARCH_USER_PATHS = NO;
				ASSETCATALOG_COMPILER_GENERATE_SWIFT_ASSET_SYMBOL_EXTENSIONS = YES;
				CLANG_ANALYZER_NONNULL = YES;
				CLANG_ANALYZER_NUMBER_OBJECT_CONVERSION = YES_AGGRESSIVE;
				CLANG_CXX_LANGUAGE_STANDARD = "gnu++20";
				CLANG_ENABLE_MODULES = YES;
				CLANG_ENABLE_OBJC_ARC = YES;
				CLANG_ENABLE_OBJC_WEAK = YES;
				CLANG_WARN_BLOCK_CAPTURE_AUTORELEASING = YES;
				CLANG_WARN_BOOL_CONVERSION = YES;
				CLANG_WARN_COMMA = YES;
				CLANG_WARN_CONSTANT_CONVERSION = YES;
				CLANG_WARN_DEPRECATED_OBJC_IMPLEMENTATIONS = YES;
				CLANG_WARN_DIRECT_OBJC_ISA_USAGE = YES_ERROR;
				CLANG_WARN_DOCUMENTATION_COMMENTS = YES;
				CLANG_WARN_EMPTY_BODY = YES;
				CLANG_WARN_ENUM_CONVERSION = YES;
				CLANG_WARN_INFINITE_RECURSION = YES;
				CLANG_WARN_INT_CONVERSION = YES;
				CLANG_WARN_NON_LITERAL_NULL_CONVERSION = YES;
				CLANG_WARN_OBJC_IMPLICIT_RETAIN_SELF = YES;
				CLANG_WARN_OBJC_LITERAL_CONVERSION = YES;
				CLANG_WARN_OBJC_ROOT_CLASS = YES_ERROR;
				CLANG_WARN_QUOTED_INCLUDE_IN_FRAMEWORK_HEADER = YES;
				CLANG_WARN_RANGE_LOOP_ANALYSIS = YES;
				CLANG_WARN_STRICT_PROTOTYPES = YES;
				CLANG_WARN_SUSPICIOUS_MOVE = YES;
				CLANG_WARN_UNGUARDED_AVAILABILITY = YES_AGGRESSIVE;
				CLANG_WARN_UNREACHABLE_CODE = YES;
				CLANG_WARN__DUPLICATE_METHOD_MATCH = YES;
				COPY_PHASE_STRIP = NO;
				DEAD_CODE_STRIPPING = YES;
				DEBUG_INFORMATION_FORMAT = dwarf;
				ENABLE_STRICT_OBJC_MSGSEND = YES;
				ENABLE_TESTABILITY = YES;
				ENABLE_USER_SCRIPT_SANDBOXING = YES;
				GCC_C_LANGUAGE_STANDARD = gnu17;
				GCC_DYNAMIC_NO_PIC = NO;
				GCC_NO_COMMON_BLOCKS = YES;
				GCC_OPTIMIZATION_LEVEL = 0;
				GCC_PREPROCESSOR_DEFINITIONS = (
					"DEBUG=1",
					"$(inherited)",
				);
				GCC_WARN_64_TO_32_BIT_CONVERSION = YES;
				GCC_WARN_ABOUT_RETURN_TYPE = YES_ERROR;
				GCC_WARN_UNDECLARED_SELECTOR = YES;
				GCC_WARN_UNINITIALIZED_AUTOS = YES_AGGRESSIVE;
				GCC_WARN_UNUSED_FUNCTION = YES;
				GCC_WARN_UNUSED_VARIABLE = YES;
				IPHONEOS_DEPLOYMENT_TARGET = 17.0;
				LOCALIZATION_PREFERS_STRING_CATALOGS = YES;
				MTL_ENABLE_DEBUG_INFO = INCLUDE_SOURCE;
				MTL_FAST_MATH = YES;
				ONLY_ACTIVE_ARCH = YES;
				STRING_CATALOG_GENERATE_SYMBOLS = YES;
				SWIFT_ACTIVE_COMPILATION_CONDITIONS = "DEBUG $(inherited)";
				SWIFT_OPTIMIZATION_LEVEL = "-Onone";
			};
			name = Debug;
		};
		A1234567890ABCDEF027 /* Release */ = {
			isa = XCBuildConfiguration;
			buildSettings = {
				ALWAYS_SEARCH_USER_PATHS = NO;
				ASSETCATALOG_COMPILER_GENERATE_SWIFT_ASSET_SYMBOL_EXTENSIONS = YES;
				CLANG_ANALYZER_NONNULL = YES;
				CLANG_ANALYZER_NUMBER_OBJECT_CONVERSION = YES_AGGRESSIVE;
				CLANG_CXX_LANGUAGE_STANDARD = "gnu++20";
				CLANG_ENABLE_MODULES = YES;
				CLANG_ENABLE_OBJC_ARC = YES;
				CLANG_ENABLE_OBJC_WEAK = YES;
				CLANG_WARN_BLOCK_CAPTURE_AUTORELEASING = YES;
				CLANG_WARN_BOOL_CONVERSION = YES;
				CLANG_WARN_COMMA = YES;
				CLANG_WARN_CONSTANT_CONVERSION = YES;
				CLANG_WARN_DEPRECATED_OBJC_IMPLEMENTATIONS = YES;
				CLANG_WARN_DIRECT_OBJC_ISA_USAGE = YES_ERROR;
				CLANG_WARN_DOCUMENTATION_COMMENTS = YES;
				CLANG_WARN_EMPTY_BODY = YES;
				CLANG_WARN_ENUM_CONVERSION = YES;
				CLANG_WARN_INFINITE_RECURSION = YES;
				CLANG_WARN_INT_CONVERSION = YES;
				CLANG_WARN_NON_LITERAL_NULL_CONVERSION = YES;
				CLANG_WARN_OBJC_IMPLICIT_RETAIN_SELF = YES;
				CLANG_WARN_OBJC_LITERAL_CONVERSION = YES;
				CLANG_WARN_OBJC_ROOT_CLASS = YES_ERROR;
				CLANG_WARN_QUOTED_INCLUDE_IN_FRAMEWORK_HEADER = YES;
				CLANG_WARN_RANGE_LOOP_ANALYSIS = YES;
				CLANG_WARN_STRICT_PROTOTYPES = YES;
				CLANG_WARN_SUSPICIOUS_MOVE = YES;
				CLANG_WARN_UNGUARDED_AVAILABILITY = YES_AGGRESSIVE;
				CLANG_WARN_UNREACHABLE_CODE = YES;
				CLANG_WARN__DUPLICATE_METHOD_MATCH = YES;
				COPY_PHASE_STRIP = NO;
				DEAD_CODE_STRIPPING = YES;
				DEBUG_INFORMATION_FORMAT = "dwarf-with-dsym";
				ENABLE_NS_ASSERTIONS = NO;
				ENABLE_STRICT_OBJC_MSGSEND = YES;
				ENABLE_USER_SCRIPT_SANDBOXING = YES;
				GCC_C_LANGUAGE_STANDARD = gnu17;
				GCC_NO_COMMON_BLOCKS = YES;
				GCC_WARN_64_TO_32_BIT_CONVERSION = YES;
				GCC_WARN_ABOUT_RETURN_TYPE = YES_ERROR;
				GCC_WARN_UNDECLARED_SELECTOR = YES;
				GCC_WARN_UNINITIALIZED_AUTOS = YES_AGGRESSIVE;
				GCC_WARN_UNUSED_FUNCTION = YES;
				GCC_WARN_UNUSED_VARIABLE = YES;
				IPHONEOS_DEPLOYMENT_TARGET = 17.0;
				LOCALIZATION_PREFERS_STRING_CATALOGS = YES;
				MTL_ENABLE_DEBUG_INFO = NO;
				MTL_FAST_MATH = YES;
				STRING_CATALOG_GENERATE_SYMBOLS = YES;
				SWIFT_COMPILATION_MODE = wholemodule;
			};
			name = Release;
		};
		A1234567890ABCDEF028 /* Debug */ = {
			isa = XCBuildConfiguration;
			baseConfigurationReference = A1234567890ABCDEF060 /* Config.xcconfig */;
			buildSettings = {
				ASSETCATALOG_COMPILER_APPICON_NAME = ReplayDebuggerIcon;
				ASSETCATALOG_COMPILER_GLOBAL_ACCENT_COLOR_NAME = AccentColor;
				ASSETCATALOG_COMPILER_INCLUDE_ALL_APPICON_ASSETS = YES;
				CODE_SIGN_ENTITLEMENTS = SentryReplayDebugger/SentryReplayDebugger.entitlements;
				CODE_SIGN_STYLE = Automatic;
				CURRENT_PROJECT_VERSION = 0.2.2;
				DEAD_CODE_STRIPPING = YES;
				DEVELOPMENT_ASSET_PATHS = "\"SentryReplayDebugger/Preview Content\"";
				DEVELOPMENT_TEAM = 5G46K89SAC;
				ENABLE_APP_SANDBOX = YES;
				ENABLE_OUTGOING_NETWORK_CONNECTIONS = YES;
				ENABLE_PREVIEWS = YES;
				ENABLE_USER_SELECTED_FILES = readwrite;
				GENERATE_INFOPLIST_FILE = YES;
				INFOPLIST_FILE = SentryReplayDebugger/Info.plist;
				INFOPLIST_KEY_NSHumanReadableCopyright = "";
				LD_RUNPATH_SEARCH_PATHS = (
					"$(inherited)",
					"@executable_path/../Frameworks",
				);
				MACOSX_DEPLOYMENT_TARGET = 14.0;
				MARKETING_VERSION = 0.2.2;
				PRODUCT_BUNDLE_IDENTIFIER = com.sentry.SentryReplayDebugger;
				PRODUCT_NAME = "$(TARGET_NAME)";
				SDKROOT = macosx;
				SUPPORTED_PLATFORMS = macosx;
				SWIFT_EMIT_LOC_STRINGS = YES;
				SWIFT_VERSION = 5.0;
			};
			name = Debug;
		};
		A1234567890ABCDEF029 /* Release */ = {
			isa = XCBuildConfiguration;
			baseConfigurationReference = A1234567890ABCDEF060 /* Config.xcconfig */;
			buildSettings = {
				ASSETCATALOG_COMPILER_APPICON_NAME = ReplayDebuggerIcon;
				ASSETCATALOG_COMPILER_GLOBAL_ACCENT_COLOR_NAME = AccentColor;
				ASSETCATALOG_COMPILER_INCLUDE_ALL_APPICON_ASSETS = YES;
				CODE_SIGN_ENTITLEMENTS = SentryReplayDebugger/SentryReplayDebuggerRelease.entitlements;
				"CODE_SIGN_IDENTITY[sdk=macosx*]" = "Apple Development";
				CODE_SIGN_STYLE = Automatic;
				CURRENT_PROJECT_VERSION = 0.2.2;
				DEAD_CODE_STRIPPING = YES;
				DEVELOPMENT_ASSET_PATHS = "\"SentryReplayDebugger/Preview Content\"";
				DEVELOPMENT_TEAM = 5G46K89SAC;
				ENABLE_APP_SANDBOX = YES;
				ENABLE_OUTGOING_NETWORK_CONNECTIONS = YES;
				ENABLE_PREVIEWS = YES;
				ENABLE_USER_SELECTED_FILES = readwrite;
				GENERATE_INFOPLIST_FILE = YES;
				INFOPLIST_FILE = SentryReplayDebugger/Info.plist;
				INFOPLIST_KEY_NSHumanReadableCopyright = "";
				LD_RUNPATH_SEARCH_PATHS = (
					"$(inherited)",
					"@executable_path/../Frameworks",
				);
				MACOSX_DEPLOYMENT_TARGET = 14.0;
				"MACOSX_DEPLOYMENT_TARGET[arch=arm64]" = 14.6;
				MARKETING_VERSION = 0.2.2;
				PRODUCT_BUNDLE_IDENTIFIER = com.sentry.SentryReplayDebugger;
				PRODUCT_NAME = "$(TARGET_NAME)";
				SDKROOT = macosx;
				SUPPORTED_PLATFORMS = macosx;
				SWIFT_EMIT_LOC_STRINGS = YES;
				SWIFT_VERSION = 5.0;
			};
			name = Release;
		};
/* End XCBuildConfiguration section */

/* Begin XCConfigurationList section */
		280DC5462EAC064F00125EB1 /* Build configuration list for PBXNativeTarget "SentryReplayDebuggerTests" */ = {
			isa = XCConfigurationList;
			buildConfigurations = (
				280DC5442EAC064F00125EB1 /* Debug */,
				280DC5452EAC064F00125EB1 /* Release */,
			);
			defaultConfigurationIsVisible = 0;
			defaultConfigurationName = Debug;
		};
		280DC5622EAC255200125EB1 /* Build configuration list for PBXNativeTarget "SentryReplayDebuggerUITests" */ = {
			isa = XCConfigurationList;
			buildConfigurations = (
				280DC5632EAC255200125EB1 /* Debug */,
				280DC5642EAC255200125EB1 /* Release */,
			);
			defaultConfigurationIsVisible = 0;
			defaultConfigurationName = Debug;
		};
		A1234567890ABCDEF021 /* Build configuration list for PBXNativeTarget "SentryReplayDebugger" */ = {
			isa = XCConfigurationList;
			buildConfigurations = (
				A1234567890ABCDEF028 /* Debug */,
				A1234567890ABCDEF029 /* Release */,
			);
			defaultConfigurationIsVisible = 0;
			defaultConfigurationName = Debug;
		};
		A1234567890ABCDEF025 /* Build configuration list for PBXProject "SentryReplayDebugger" */ = {
			isa = XCConfigurationList;
			buildConfigurations = (
				A1234567890ABCDEF026 /* Debug */,
				A1234567890ABCDEF027 /* Release */,
			);
			defaultConfigurationIsVisible = 0;
			defaultConfigurationName = Debug;
		};
/* End XCConfigurationList section */

/* Begin XCRemoteSwiftPackageReference section */
		280DC5562EAC0D0000125EB1 /* XCRemoteSwiftPackageReference "sentry-cocoa" */ = {
			isa = XCRemoteSwiftPackageReference;
			repositoryURL = "https://github.com/getsentry/sentry-cocoa.git";
			requirement = {
				kind = upToNextMajorVersion;
				minimumVersion = 8.0.0;
			};
		};
		5BCA11E00000000000000003 /* XCRemoteSwiftPackageReference "Sparkle" */ = {
			isa = XCRemoteSwiftPackageReference;
			repositoryURL = "https://github.com/sparkle-project/Sparkle.git";
			requirement = {
				kind = upToNextMajorVersion;
				minimumVersion = 2.6.0;
			};
		};
/* End XCRemoteSwiftPackageReference section */

/* Begin XCSwiftPackageProductDependency section */
		280DC5572EAC0D0000125EB1 /* Sentry */ = {
			isa = XCSwiftPackageProductDependency;
			package = 280DC5562EAC0D0000125EB1 /* XCRemoteSwiftPackageReference "sentry-cocoa" */;
			productName = Sentry;
		};
		5BCA11E00000000000000002 /* Sparkle */ = {
			isa = XCSwiftPackageProductDependency;
			package = 5BCA11E00000000000000003 /* XCRemoteSwiftPackageReference "Sparkle" */;
			productName = Sparkle;
		};
/* End XCSwiftPackageProductDependency section */
	};
	rootObject = A1234567890ABCDEF024 /* Project object */;
}
